
Microsoft Visual Studio Solution File, Format Version 12.00
# Visual Studio 15
VisualStudioVersion = 15.0.27130.2024
MinimumVisualStudioVersion = 10.0.40219.1
Project("{9A19103F-16F7-4668-BE54-9A1E7A4F7556}") = "IoC", "IoC\IoC.csproj", "{D141098F-DE29-4FC7-9699-A64550062FCF}"
EndProject
Project("{9A19103F-16F7-4668-BE54-9A1E7A4F7556}") = "IoC.Tests", "IoC.Tests\IoC.Tests.csproj", "{F91DE675-1D79-4B89-A65A-D7A5E409BE12}"
EndProject
Project("{2150E333-8FDC-42A3-9474-1A3956D46DE8}") = "Solution Items", "Solution Items", "{31746185-DDB2-48CA-B8D6-429493FD3270}"
	ProjectSection(SolutionItems) = preProject
		.travis.yml = .travis.yml
	EndProjectSection
EndProject
Global
	GlobalSection(SolutionConfigurationPlatforms) = preSolution
		Debug|Any CPU = Debug|Any CPU
		Release|Any CPU = Release|Any CPU
	EndGlobalSection
	GlobalSection(ProjectConfigurationPlatforms) = postSolution
		{D141098F-DE29-4FC7-9699-A64550062FCF}.Debug|Any CPU.ActiveCfg = Debug|Any CPU
		{D141098F-DE29-4FC7-9699-A64550062FCF}.Debug|Any CPU.Build.0 = Debug|Any CPU
		{D141098F-DE29-4FC7-9699-A64550062FCF}.Release|Any CPU.ActiveCfg = Release|Any CPU
		{D141098F-DE29-4FC7-9699-A64550062FCF}.Release|Any CPU.Build.0 = Release|Any CPU
		{F91DE675-1D79-4B89-A65A-D7A5E409BE12}.Debug|Any CPU.ActiveCfg = Debug|Any CPU
		{F91DE675-1D79-4B89-A65A-D7A5E409BE12}.Debug|Any CPU.Build.0 = Debug|Any CPU
		{F91DE675-1D79-4B89-A65A-D7A5E409BE12}.Release|Any CPU.ActiveCfg = Release|Any CPU
		{F91DE675-1D79-4B89-A65A-D7A5E409BE12}.Release|Any CPU.Build.0 = Release|Any CPU
	EndGlobalSection
	GlobalSection(SolutionProperties) = preSolution
		HideSolutionNode = FALSE
	EndGlobalSection
	GlobalSection(ExtensibilityGlobals) = postSolution
		SolutionGuid = {381D0EF9-18E5-422E-BFAB-2DEF66492537}
	EndGlobalSection
EndGlobal
